
Microsoft Visual Studio Solution File, Format Version 12.00
# Visual Studio Version 17
VisualStudioVersion = 17.0.31919.166
MinimumVisualStudioVersion = 10.0.40219.1
Project("{FAE04EC0-301F-11D3-BF4B-00C04F79EFBC}") = "Student Management App1", "Student Management App1\Student Management App1.csproj", "{04F0E14F-58B6-4419-9796-A0830E09FFBB}"
EndProject
Global
	GlobalSection(SolutionConfigurationPlatforms) = preSolution
		Debug|Any CPU = Debug|Any CPU
		Release|Any CPU = Release|Any CPU
	EndGlobalSection
	GlobalSection(ProjectConfigurationPlatforms) = postSolution
		{04F0E14F-58B6-4419-9796-A0830E09FFBB}.Debug|Any CPU.ActiveCfg = Debug|Any CPU
		{04F0E14F-58B6-4419-9796-A0830E09FFBB}.Debug|Any CPU.Build.0 = Debug|Any CPU
		{04F0E14F-58B6-4419-9796-A0830E09FFBB}.Release|Any CPU.ActiveCfg = Release|Any CPU
		{04F0E14F-58B6-4419-9796-A0830E09FFBB}.Release|Any CPU.Build.0 = Release|Any CPU
	EndGlobalSection
	GlobalSection(SolutionProperties) = preSolution
		HideSolutionNode = FALSE
	EndGlobalSection
	GlobalSection(ExtensibilityGlobals) = postSolution
		SolutionGuid = {86701545-8985-40BE-966C-D258A572795E}
	EndGlobalSection
EndGlobal
